
Microsoft Visual Studio Solution File, Format Version 12.00
# Visual Studio Version 17
VisualStudioVersion = 17.4.33213.308
MinimumVisualStudioVersion = 10.0.40219.1
Project("{FAE04EC0-301F-11D3-BF4B-00C04F79EFBC}") = "ShpapeProject", "ShpapeProject.csproj", "{8153241A-8AB4-426B-BF10-0FFB0A8E1C1D}"
EndProject
Global
	GlobalSection(SolutionConfigurationPlatforms) = preSolution
		Debug|Any CPU = Debug|Any CPU
		Release|Any CPU = Release|Any CPU
	EndGlobalSection
	GlobalSection(ProjectConfigurationPlatforms) = postSolution
		{8153241A-8AB4-426B-BF10-0FFB0A8E1C1D}.Debug|Any CPU.ActiveCfg = Debug|Any CPU
		{8153241A-8AB4-426B-BF10-0FFB0A8E1C1D}.Debug|Any CPU.Build.0 = Debug|Any CPU
		{8153241A-8AB4-426B-BF10-0FFB0A8E1C1D}.Release|Any CPU.ActiveCfg = Release|Any CPU
		{8153241A-8AB4-426B-BF10-0FFB0A8E1C1D}.Release|Any CPU.Build.0 = Release|Any CPU
	EndGlobalSection
	GlobalSection(SolutionProperties) = preSolution
		HideSolutionNode = FALSE
	EndGlobalSection
	GlobalSection(ExtensibilityGlobals) = postSolution
		SolutionGuid = {57783C6D-F9DC-45D4-AA7D-916023376010}
	EndGlobalSection
EndGlobal
