
Microsoft Visual Studio Solution File, Format Version 12.00
# Visual Studio Version 17
VisualStudioVersion = 17.5.33530.505
MinimumVisualStudioVersion = 10.0.40219.1
Project("{9A19103F-16F7-4668-BE54-9A1E7A4F7556}") = "Gym", "Person\Gym.csproj", "{B78A2818-89AA-4F9A-8A43-B7DA9FD1CBF2}"
EndProject
Global
	GlobalSection(SolutionConfigurationPlatforms) = preSolution
		Debug|Any CPU = Debug|Any CPU
		Release|Any CPU = Release|Any CPU
	EndGlobalSection
	GlobalSection(ProjectConfigurationPlatforms) = postSolution
		{B78A2818-89AA-4F9A-8A43-B7DA9FD1CBF2}.Debug|Any CPU.ActiveCfg = Debug|Any CPU
		{B78A2818-89AA-4F9A-8A43-B7DA9FD1CBF2}.Debug|Any CPU.Build.0 = Debug|Any CPU
		{B78A2818-89AA-4F9A-8A43-B7DA9FD1CBF2}.Release|Any CPU.ActiveCfg = Release|Any CPU
		{B78A2818-89AA-4F9A-8A43-B7DA9FD1CBF2}.Release|Any CPU.Build.0 = Release|Any CPU
	EndGlobalSection
	GlobalSection(SolutionProperties) = preSolution
		HideSolutionNode = FALSE
	EndGlobalSection
	GlobalSection(ExtensibilityGlobals) = postSolution
		SolutionGuid = {19D47433-CF50-4681-AB57-4199A57CD1D3}
	EndGlobalSection
EndGlobal
