
Microsoft Visual Studio Solution File, Format Version 12.00
# Visual Studio Version 17
VisualStudioVersion = 17.5.33530.505
MinimumVisualStudioVersion = 10.0.40219.1
Project("{9A19103F-16F7-4668-BE54-9A1E7A4F7556}") = "LabraryProject", "LabraryProject\LabraryProject.csproj", "{40BBE91C-D537-4C7B-B8CD-AEA3C37EF412}"
EndProject
Project("{FAE04EC0-301F-11D3-BF4B-00C04F79EFBC}") = "Logic", "Logic\Logic.csproj", "{7CCF92E0-367F-4597-9152-C8350899A3B2}"
EndProject
Global
	GlobalSection(SolutionConfigurationPlatforms) = preSolution
		Debug|Any CPU = Debug|Any CPU
		Release|Any CPU = Release|Any CPU
	EndGlobalSection
	GlobalSection(ProjectConfigurationPlatforms) = postSolution
		{40BBE91C-D537-4C7B-B8CD-AEA3C37EF412}.Debug|Any CPU.ActiveCfg = Debug|Any CPU
		{40BBE91C-D537-4C7B-B8CD-AEA3C37EF412}.Debug|Any CPU.Build.0 = Debug|Any CPU
		{40BBE91C-D537-4C7B-B8CD-AEA3C37EF412}.Release|Any CPU.ActiveCfg = Release|Any CPU
		{40BBE91C-D537-4C7B-B8CD-AEA3C37EF412}.Release|Any CPU.Build.0 = Release|Any CPU
		{7CCF92E0-367F-4597-9152-C8350899A3B2}.Debug|Any CPU.ActiveCfg = Debug|Any CPU
		{7CCF92E0-367F-4597-9152-C8350899A3B2}.Debug|Any CPU.Build.0 = Debug|Any CPU
		{7CCF92E0-367F-4597-9152-C8350899A3B2}.Release|Any CPU.ActiveCfg = Release|Any CPU
		{7CCF92E0-367F-4597-9152-C8350899A3B2}.Release|Any CPU.Build.0 = Release|Any CPU
	EndGlobalSection
	GlobalSection(SolutionProperties) = preSolution
		HideSolutionNode = FALSE
	EndGlobalSection
	GlobalSection(ExtensibilityGlobals) = postSolution
		SolutionGuid = {CE1F1F0F-ECFA-4677-83B1-B05A7782A968}
	EndGlobalSection
EndGlobal
